
Microsoft Visual Studio Solution File, Format Version 12.00
# Visual Studio Version 17
VisualStudioVersion = 17.2.32526.322
MinimumVisualStudioVersion = 10.0.40219.1
Project("{FAE04EC0-301F-11D3-BF4B-00C04F79EFBC}") = "ConsoleApp", "ConsoleApp\ConsoleApp.csproj", "{10C571E3-A02A-4FFC-A03E-55465D6573D2}"
EndProject
Global
	GlobalSection(SolutionConfigurationPlatforms) = preSolution
		Debug|Any CPU = Debug|Any CPU
		Release|Any CPU = Release|Any CPU
	EndGlobalSection
	GlobalSection(ProjectConfigurationPlatforms) = postSolution
		{10C571E3-A02A-4FFC-A03E-55465D6573D2}.Debug|Any CPU.ActiveCfg = Debug|Any CPU
		{10C571E3-A02A-4FFC-A03E-55465D6573D2}.Debug|Any CPU.Build.0 = Debug|Any CPU
		{10C571E3-A02A-4FFC-A03E-55465D6573D2}.Release|Any CPU.ActiveCfg = Release|Any CPU
		{10C571E3-A02A-4FFC-A03E-55465D6573D2}.Release|Any CPU.Build.0 = Release|Any CPU
	EndGlobalSection
	GlobalSection(SolutionProperties) = preSolution
		HideSolutionNode = FALSE
	EndGlobalSection
	GlobalSection(ExtensibilityGlobals) = postSolution
		SolutionGuid = {B7A66A4F-6F9C-41EE-8E37-A413A01B7438}
	EndGlobalSection
EndGlobal
